
Microsoft Visual Studio Solution File, Format Version 12.00
# Visual Studio Version 16
VisualStudioVersion = 16.0.31005.135
MinimumVisualStudioVersion = 10.0.40219.1
Project("{FAE04EC0-301F-11D3-BF4B-00C04F79EFBC}") = "bibliotecaNexos", "bibliotecaNexos.csproj", "{202F1DE7-E6FF-4CCC-A14C-4AB633D5EEFD}"
EndProject
Global
	GlobalSection(SolutionConfigurationPlatforms) = preSolution
		Debug|Any CPU = Debug|Any CPU
		Release|Any CPU = Release|Any CPU
	EndGlobalSection
	GlobalSection(ProjectConfigurationPlatforms) = postSolution
		{202F1DE7-E6FF-4CCC-A14C-4AB633D5EEFD}.Debug|Any CPU.ActiveCfg = Debug|Any CPU
		{202F1DE7-E6FF-4CCC-A14C-4AB633D5EEFD}.Debug|Any CPU.Build.0 = Debug|Any CPU
		{202F1DE7-E6FF-4CCC-A14C-4AB633D5EEFD}.Release|Any CPU.ActiveCfg = Release|Any CPU
		{202F1DE7-E6FF-4CCC-A14C-4AB633D5EEFD}.Release|Any CPU.Build.0 = Release|Any CPU
	EndGlobalSection
	GlobalSection(SolutionProperties) = preSolution
		HideSolutionNode = FALSE
	EndGlobalSection
	GlobalSection(ExtensibilityGlobals) = postSolution
		SolutionGuid = {58D2B6AF-8EAF-4CD6-AC07-7302A7BB5EF4}
	EndGlobalSection
EndGlobal
